
Microsoft Visual Studio Solution File, Format Version 12.00
# Visual Studio Version 17
VisualStudioVersion = 17.0.31903.59
MinimumVisualStudioVersion = 10.0.40219.1
Project("{FAE04EC0-301F-11D3-BF4B-00C04F79EFBC}") = "SanrioMarket.Contracts", "SanrioMarket.Contracts\SanrioMarket.Contracts.csproj", "{FEFED101-2DA6-4654-B611-37BF00E29A19}"
EndProject
Project("{FAE04EC0-301F-11D3-BF4B-00C04F79EFBC}") = "SanrioMarket", "SanrioMarket\SanrioMarket.csproj", "{67D55E4C-3ED8-4CAA-BD4D-BEF9697076D9}"
EndProject
Global
	GlobalSection(SolutionConfigurationPlatforms) = preSolution
		Debug|Any CPU = Debug|Any CPU
		Release|Any CPU = Release|Any CPU
	EndGlobalSection
	GlobalSection(SolutionProperties) = preSolution
		HideSolutionNode = FALSE
	EndGlobalSection
	GlobalSection(ProjectConfigurationPlatforms) = postSolution
		{FEFED101-2DA6-4654-B611-37BF00E29A19}.Debug|Any CPU.ActiveCfg = Debug|Any CPU
		{FEFED101-2DA6-4654-B611-37BF00E29A19}.Debug|Any CPU.Build.0 = Debug|Any CPU
		{FEFED101-2DA6-4654-B611-37BF00E29A19}.Release|Any CPU.ActiveCfg = Release|Any CPU
		{FEFED101-2DA6-4654-B611-37BF00E29A19}.Release|Any CPU.Build.0 = Release|Any CPU
		{67D55E4C-3ED8-4CAA-BD4D-BEF9697076D9}.Debug|Any CPU.ActiveCfg = Debug|Any CPU
		{67D55E4C-3ED8-4CAA-BD4D-BEF9697076D9}.Debug|Any CPU.Build.0 = Debug|Any CPU
		{67D55E4C-3ED8-4CAA-BD4D-BEF9697076D9}.Release|Any CPU.ActiveCfg = Release|Any CPU
		{67D55E4C-3ED8-4CAA-BD4D-BEF9697076D9}.Release|Any CPU.Build.0 = Release|Any CPU
	EndGlobalSection
EndGlobal
